
Microsoft Visual Studio Solution File, Format Version 12.00
# Visual Studio Version 16
VisualStudioVersion = 16.0.32126.315
MinimumVisualStudioVersion = 10.0.40219.1
Project("{FAE04EC0-301F-11D3-BF4B-00C04F79EFBC}") = "AgendaDemo.Android", "AgendaDemo.Android\AgendaDemo.Android.csproj", "{78532E05-6783-49CD-8673-50F2E5A5369C}"
EndProject
Project("{FAE04EC0-301F-11D3-BF4B-00C04F79EFBC}") = "AgendaDemo.iOS", "AgendaDemo.iOS\AgendaDemo.iOS.csproj", "{882B5326-5490-4D29-901C-AFA15929CC6D}"
EndProject
Project("{FAE04EC0-301F-11D3-BF4B-00C04F79EFBC}") = "AgendaDemo", "AgendaDemo\AgendaDemo.csproj", "{ACE4DCB3-396D-4E92-BDED-ECE4BBB257D0}"
EndProject
Global
	GlobalSection(SolutionConfigurationPlatforms) = preSolution
		Debug|Any CPU = Debug|Any CPU
		Debug|iPhone = Debug|iPhone
		Debug|iPhoneSimulator = Debug|iPhoneSimulator
		Release|Any CPU = Release|Any CPU
		Release|iPhone = Release|iPhone
		Release|iPhoneSimulator = Release|iPhoneSimulator
	EndGlobalSection
	GlobalSection(ProjectConfigurationPlatforms) = postSolution
		{78532E05-6783-49CD-8673-50F2E5A5369C}.Debug|Any CPU.ActiveCfg = Debug|Any CPU
		{78532E05-6783-49CD-8673-50F2E5A5369C}.Debug|Any CPU.Build.0 = Debug|Any CPU
		{78532E05-6783-49CD-8673-50F2E5A5369C}.Debug|Any CPU.Deploy.0 = Debug|Any CPU
		{78532E05-6783-49CD-8673-50F2E5A5369C}.Debug|iPhone.ActiveCfg = Debug|Any CPU
		{78532E05-6783-49CD-8673-50F2E5A5369C}.Debug|iPhone.Build.0 = Debug|Any CPU
		{78532E05-6783-49CD-8673-50F2E5A5369C}.Debug|iPhone.Deploy.0 = Debug|Any CPU
		{78532E05-6783-49CD-8673-50F2E5A5369C}.Debug|iPhoneSimulator.ActiveCfg = Debug|Any CPU
		{78532E05-6783-49CD-8673-50F2E5A5369C}.Debug|iPhoneSimulator.Build.0 = Debug|Any CPU
		{78532E05-6783-49CD-8673-50F2E5A5369C}.Debug|iPhoneSimulator.Deploy.0 = Debug|Any CPU
		{78532E05-6783-49CD-8673-50F2E5A5369C}.Release|Any CPU.ActiveCfg = Release|Any CPU
		{78532E05-6783-49CD-8673-50F2E5A5369C}.Release|Any CPU.Build.0 = Release|Any CPU
		{78532E05-6783-49CD-8673-50F2E5A5369C}.Release|Any CPU.Deploy.0 = Release|Any CPU
		{78532E05-6783-49CD-8673-50F2E5A5369C}.Release|iPhone.ActiveCfg = Release|Any CPU
		{78532E05-6783-49CD-8673-50F2E5A5369C}.Release|iPhone.Build.0 = Release|Any CPU
		{78532E05-6783-49CD-8673-50F2E5A5369C}.Release|iPhone.Deploy.0 = Release|Any CPU
		{78532E05-6783-49CD-8673-50F2E5A5369C}.Release|iPhoneSimulator.ActiveCfg = Release|Any CPU
		{78532E05-6783-49CD-8673-50F2E5A5369C}.Release|iPhoneSimulator.Build.0 = Release|Any CPU
		{78532E05-6783-49CD-8673-50F2E5A5369C}.Release|iPhoneSimulator.Deploy.0 = Release|Any CPU
		{882B5326-5490-4D29-901C-AFA15929CC6D}.Debug|Any CPU.ActiveCfg = Debug|iPhone
		{882B5326-5490-4D29-901C-AFA15929CC6D}.Debug|Any CPU.Build.0 = Debug|iPhone
		{882B5326-5490-4D29-901C-AFA15929CC6D}.Debug|Any CPU.Deploy.0 = Debug|iPhone
		{882B5326-5490-4D29-901C-AFA15929CC6D}.Debug|iPhone.ActiveCfg = Debug|iPhone
		{882B5326-5490-4D29-901C-AFA15929CC6D}.Debug|iPhone.Build.0 = Debug|iPhone
		{882B5326-5490-4D29-901C-AFA15929CC6D}.Debug|iPhone.Deploy.0 = Debug|iPhone
		{882B5326-5490-4D29-901C-AFA15929CC6D}.Debug|iPhoneSimulator.ActiveCfg = Debug|iPhoneSimulator
		{882B5326-5490-4D29-901C-AFA15929CC6D}.Debug|iPhoneSimulator.Build.0 = Debug|iPhoneSimulator
		{882B5326-5490-4D29-901C-AFA15929CC6D}.Debug|iPhoneSimulator.Deploy.0 = Debug|iPhoneSimulator
		{882B5326-5490-4D29-901C-AFA15929CC6D}.Release|Any CPU.ActiveCfg = Release|iPhoneSimulator
		{882B5326-5490-4D29-901C-AFA15929CC6D}.Release|Any CPU.Build.0 = Release|iPhoneSimulator
		{882B5326-5490-4D29-901C-AFA15929CC6D}.Release|Any CPU.Deploy.0 = Release|iPhoneSimulator
		{882B5326-5490-4D29-901C-AFA15929CC6D}.Release|iPhone.ActiveCfg = Release|iPhone
		{882B5326-5490-4D29-901C-AFA15929CC6D}.Release|iPhone.Build.0 = Release|iPhone
		{882B5326-5490-4D29-901C-AFA15929CC6D}.Release|iPhone.Deploy.0 = Release|iPhone
		{882B5326-5490-4D29-901C-AFA15929CC6D}.Release|iPhoneSimulator.ActiveCfg = Release|iPhoneSimulator
		{882B5326-5490-4D29-901C-AFA15929CC6D}.Release|iPhoneSimulator.Build.0 = Release|iPhoneSimulator
		{882B5326-5490-4D29-901C-AFA15929CC6D}.Release|iPhoneSimulator.Deploy.0 = Release|iPhoneSimulator
		{ACE4DCB3-396D-4E92-BDED-ECE4BBB257D0}.Debug|Any CPU.ActiveCfg = Debug|Any CPU
		{ACE4DCB3-396D-4E92-BDED-ECE4BBB257D0}.Debug|Any CPU.Build.0 = Debug|Any CPU
		{ACE4DCB3-396D-4E92-BDED-ECE4BBB257D0}.Debug|Any CPU.Deploy.0 = Debug|Any CPU
		{ACE4DCB3-396D-4E92-BDED-ECE4BBB257D0}.Debug|iPhone.ActiveCfg = Debug|Any CPU
		{ACE4DCB3-396D-4E92-BDED-ECE4BBB257D0}.Debug|iPhone.Build.0 = Debug|Any CPU
		{ACE4DCB3-396D-4E92-BDED-ECE4BBB257D0}.Debug|iPhone.Deploy.0 = Debug|Any CPU
		{ACE4DCB3-396D-4E92-BDED-ECE4BBB257D0}.Debug|iPhoneSimulator.ActiveCfg = Debug|Any CPU
		{ACE4DCB3-396D-4E92-BDED-ECE4BBB257D0}.Debug|iPhoneSimulator.Build.0 = Debug|Any CPU
		{ACE4DCB3-396D-4E92-BDED-ECE4BBB257D0}.Debug|iPhoneSimulator.Deploy.0 = Debug|Any CPU
		{ACE4DCB3-396D-4E92-BDED-ECE4BBB257D0}.Release|Any CPU.ActiveCfg = Release|Any CPU
		{ACE4DCB3-396D-4E92-BDED-ECE4BBB257D0}.Release|Any CPU.Build.0 = Release|Any CPU
		{ACE4DCB3-396D-4E92-BDED-ECE4BBB257D0}.Release|Any CPU.Deploy.0 = Release|Any CPU
		{ACE4DCB3-396D-4E92-BDED-ECE4BBB257D0}.Release|iPhone.ActiveCfg = Release|Any CPU
		{ACE4DCB3-396D-4E92-BDED-ECE4BBB257D0}.Release|iPhone.Build.0 = Release|Any CPU
		{ACE4DCB3-396D-4E92-BDED-ECE4BBB257D0}.Release|iPhone.Deploy.0 = Release|Any CPU
		{ACE4DCB3-396D-4E92-BDED-ECE4BBB257D0}.Release|iPhoneSimulator.ActiveCfg = Release|Any CPU
		{ACE4DCB3-396D-4E92-BDED-ECE4BBB257D0}.Release|iPhoneSimulator.Build.0 = Release|Any CPU
		{ACE4DCB3-396D-4E92-BDED-ECE4BBB257D0}.Release|iPhoneSimulator.Deploy.0 = Release|Any CPU
	EndGlobalSection
	GlobalSection(SolutionProperties) = preSolution
		HideSolutionNode = FALSE
	EndGlobalSection
	GlobalSection(ExtensibilityGlobals) = postSolution
		SolutionGuid = {0845A69C-1E66-48F5-880F-350FA39F5063}
	EndGlobalSection
EndGlobal
